// !$*UTF8*$!
{
	archiveVersion = 1;
	classes = {
	};
	objectVersion = 46;
	objects = {

/* Begin PBXBuildFile section */
		24BF2AE61BF87A4C00647871 /* AppDelegate.swift in Sources */ = {isa = PBXBuildFile; fileRef = 24BF2AE51BF87A4C00647871 /* AppDelegate.swift */; };
		24BF2AE81BF87A4C00647871 /* ViewController.swift in Sources */ = {isa = PBXBuildFile; fileRef = 24BF2AE71BF87A4C00647871 /* ViewController.swift */; };
		24BF2AEB1BF87A4C00647871 /* Main.storyboard in Resources */ = {isa = PBXBuildFile; fileRef = 24BF2AE91BF87A4C00647871 /* Main.storyboard */; };
		24BF2AED1BF87A4C00647871 /* Assets.xcassets in Resources */ = {isa = PBXBuildFile; fileRef = 24BF2AEC1BF87A4C00647871 /* Assets.xcassets */; };
		24BF2AF01BF87A4C00647871 /* LaunchScreen.storyboard in Resources */ = {isa = PBXBuildFile; fileRef = 24BF2AEE1BF87A4C00647871 /* LaunchScreen.storyboard */; };
		24BF2AFD1BF87B2E00647871 /* ArcLayer.swift in Sources */ = {isa = PBXBuildFile; fileRef = 24BF2AF71BF87B2E00647871 /* ArcLayer.swift */; };
		24BF2AFE1BF87B2E00647871 /* Colors.swift in Sources */ = {isa = PBXBuildFile; fileRef = 24BF2AF81BF87B2E00647871 /* Colors.swift */; };
		24BF2AFF1BF87B2E00647871 /* HolderView.swift in Sources */ = {isa = PBXBuildFile; fileRef = 24BF2AF91BF87B2E00647871 /* HolderView.swift */; };
		24BF2B001BF87B2E00647871 /* OvalLayer.swift in Sources */ = {isa = PBXBuildFile; fileRef = 24BF2AFA1BF87B2E00647871 /* OvalLayer.swift */; };
		24BF2B011BF87B2E00647871 /* RectangleLayer.swift in Sources */ = {isa = PBXBuildFile; fileRef = 24BF2AFB1BF87B2E00647871 /* RectangleLayer.swift */; };
		24BF2B021BF87B2E00647871 /* TriangleLayer.swift in Sources */ = {isa = PBXBuildFile; fileRef = 24BF2AFC1BF87B2E00647871 /* TriangleLayer.swift */; };
/* End PBXBuildFile section */

/* Begin PBXFileReference section */
		24BF2AE21BF87A4C00647871 /* LoadingAnimation.app */ = {isa = PBXFileReference; explicitFileType = wrapper.application; includeInIndex = 0; path = LoadingAnimation.app; sourceTree = BUILT_PRODUCTS_DIR; };
		24BF2AE51BF87A4C00647871 /* AppDelegate.swift */ = {isa = PBXFileReference; lastKnownFileType = sourcecode.swift; path = AppDelegate.swift; sourceTree = "<group>"; };
		24BF2AE71BF87A4C00647871 /* ViewController.swift */ = {isa = PBXFileReference; lastKnownFileType = sourcecode.swift; path = ViewController.swift; sourceTree = "<group>"; };
		24BF2AEA1BF87A4C00647871 /* Base */ = {isa = PBXFileReference; lastKnownFileType = file.storyboard; name = Base; path = Base.lproj/Main.storyboard; sourceTree = "<group>"; };
		24BF2AEC1BF87A4C00647871 /* Assets.xcassets */ = {isa = PBXFileReference; lastKnownFileType = folder.assetcatalog; name = Assets.xcassets; path = /Users/abai/Documents/Xcode/Swift/LoadingAnimation/LoadingAnimation/Assets.xcassets; sourceTree = "<absolute>"; };
		24BF2AEF1BF87A4C00647871 /* Base */ = {isa = PBXFileReference; lastKnownFileType = file.storyboard; name = Base; path = Base.lproj/LaunchScreen.storyboard; sourceTree = "<group>"; };
		24BF2AF11BF87A4C00647871 /* Info.plist */ = {isa = PBXFileReference; lastKnownFileType = text.plist.xml; path = Info.plist; sourceTree = "<group>"; };
		24BF2AF71BF87B2E00647871 /* ArcLayer.swift */ = {isa = PBXFileReference; fileEncoding = 4; lastKnownFileType = sourcecode.swift; path = ArcLayer.swift; sourceTree = "<group>"; };
		24BF2AF81BF87B2E00647871 /* Colors.swift */ = {isa = PBXFileReference; fileEncoding = 4; lastKnownFileType = sourcecode.swift; path = Colors.swift; sourceTree = "<group>"; };
		24BF2AF91BF87B2E00647871 /* HolderView.swift */ = {isa = PBXFileReference; fileEncoding = 4; lastKnownFileType = sourcecode.swift; path = HolderView.swift; sourceTree = "<group>"; };
		24BF2AFA1BF87B2E00647871 /* OvalLayer.swift */ = {isa = PBXFileReference; fileEncoding = 4; lastKnownFileType = sourcecode.swift; path = OvalLayer.swift; sourceTree = "<group>"; };
		24BF2AFB1BF87B2E00647871 /* RectangleLayer.swift */ = {isa = PBXFileReference; fileEncoding = 4; lastKnownFileType = sourcecode.swift; path = RectangleLayer.swift; sourceTree = "<group>"; };
		24BF2AFC1BF87B2E00647871 /* TriangleLayer.swift */ = {isa = PBXFileReference; fileEncoding = 4; lastKnownFileType = sourcecode.swift; path = TriangleLayer.swift; sourceTree = "<group>"; };
/* End PBXFileReference section */

/* Begin PBXFrameworksBuildPhase section */
		24BF2ADF1BF87A4C00647871 /* Frameworks */ = {
			isa = PBXFrameworksBuildPhase;
			buildActionMask = 2147483647;
			files = (
			);
			runOnlyForDeploymentPostprocessing = 0;
		};
/* End PBXFrameworksBuildPhase section */

/* Begin PBXGroup section */
		24BF2AD91BF87A4C00647871 = {
			isa = PBXGroup;
			children = (
				24BF2AE41BF87A4C00647871 /* LoadingAnimation */,
				24BF2AE31BF87A4C00647871 /* Products */,
			);
			sourceTree = "<group>";
		};
		24BF2AE31BF87A4C00647871 /* Products */ = {
			isa = PBXGroup;
			children = (
				24BF2AE21BF87A4C00647871 /* LoadingAnimation.app */,
			);
			name = Products;
			sourceTree = "<group>";
		};
		24BF2AE41BF87A4C00647871 /* LoadingAnimation */ = {
			isa = PBXGroup;
			children = (
				24BF2AE51BF87A4C00647871 /* AppDelegate.swift */,
				24BF2AE71BF87A4C00647871 /* ViewController.swift */,
				24BF2B041BF87C1700647871 /* Loader View */,
				24BF2AF81BF87B2E00647871 /* Colors.swift */,
				24BF2AE91BF87A4C00647871 /* Main.storyboard */,
				24BF2AEC1BF87A4C00647871 /* Assets.xcassets */,
				24BF2AEE1BF87A4C00647871 /* LaunchScreen.storyboard */,
				24BF2AF11BF87A4C00647871 /* Info.plist */,
			);
			path = LoadingAnimation;
			sourceTree = "<group>";
		};
		24BF2B031BF87BF400647871 /* Layers */ = {
			isa = PBXGroup;
			children = (
				24BF2AFA1BF87B2E00647871 /* OvalLayer.swift */,
				24BF2AFB1BF87B2E00647871 /* RectangleLayer.swift */,
				24BF2AFC1BF87B2E00647871 /* TriangleLayer.swift */,
				24BF2AF71BF87B2E00647871 /* ArcLayer.swift */,
			);
			name = Layers;
			sourceTree = "<group>";
		};
		24BF2B041BF87C1700647871 /* Loader View */ = {
			isa = PBXGroup;
			children = (
				24BF2B031BF87BF400647871 /* Layers */,
				24BF2AF91BF87B2E00647871 /* HolderView.swift */,
			);
			name = "Loader View";
			sourceTree = "<group>";
		};
/* End PBXGroup section */

/* Begin PBXNativeTarget section */
		24BF2AE11BF87A4C00647871 /* LoadingAnimation */ = {
			isa = PBXNativeTarget;
			buildConfigurationList = 24BF2AF41BF87A4C00647871 /* Build configuration list for PBXNativeTarget "LoadingAnimation" */;
			buildPhases = (
				24BF2ADE1BF87A4C00647871 /* Sources */,
				24BF2ADF1BF87A4C00647871 /* Frameworks */,
				24BF2AE01BF87A4C00647871 /* Resources */,
			);
			buildRules = (
			);
			dependencies = (
			);
			name = LoadingAnimation;
			productName = LoadingAnimation;
			productReference = 24BF2AE21BF87A4C00647871 /* LoadingAnimation.app */;
			productType = "com.apple.product-type.application";
		};
/* End PBXNativeTarget section */

/* Begin PBXProject section */
		24BF2ADA1BF87A4C00647871 /* Project object */ = {
			isa = PBXProject;
			attributes = {
				LastSwiftUpdateCheck = 0710;
				LastUpgradeCheck = 0710;
				ORGANIZATIONNAME = zcw;
				TargetAttributes = {
					24BF2AE11BF87A4C00647871 = {
						CreatedOnToolsVersion = 7.1.1;
						DevelopmentTeam = 75BJD9W7RS;
					};
				};
			};
			buildConfigurationList = 24BF2ADD1BF87A4C00647871 /* Build configuration list for PBXProject "LoadingAnimation" */;
			compatibilityVersion = "Xcode 3.2";
			developmentRegion = English;
			hasScannedForEncodings = 0;
			knownRegions = (
				en,
				Base,
			);
			mainGroup = 24BF2AD91BF87A4C00647871;
			productRefGroup = 24BF2AE31BF87A4C00647871 /* Products */;
			projectDirPath = "";
			projectRoot = "";
			targets = (
				24BF2AE11BF87A4C00647871 /* LoadingAnimation */,
			);
		};
/* End PBXProject section */

/* Begin PBXResourcesBuildPhase section */
		24BF2AE01BF87A4C00647871 /* Resources */ = {
			isa = PBXResourcesBuildPhase;
			buildActionMask = 2147483647;
			files = (
				24BF2AF01BF87A4C00647871 /* LaunchScreen.storyboard in Resources */,
				24BF2AED1BF87A4C00647871 /* Assets.xcassets in Resources */,
				24BF2AEB1BF87A4C00647871 /* Main.storyboard in Resources */,
			);
			runOnlyForDeploymentPostprocessing = 0;
		};
/* End PBXResourcesBuildPhase section */

/* Begin PBXSourcesBuildPhase section */
		24BF2ADE1BF87A4C00647871 /* Sources */ = {
			isa = PBXSourcesBuildPhase;
			buildActionMask = 2147483647;
			files = (
				24BF2AFD1BF87B2E00647871 /* ArcLayer.swift in Sources */,
				24BF2B021BF87B2E00647871 /* TriangleLayer.swift in Sources */,
				24BF2AFE1BF87B2E00647871 /* Colors.swift in Sources */,
				24BF2B011BF87B2E00647871 /* RectangleLayer.swift in Sources */,
				24BF2AFF1BF87B2E00647871 /* HolderView.swift in Sources */,
				24BF2AE81BF87A4C00647871 /* ViewController.swift in Sources */,
				24BF2AE61BF87A4C00647871 /* AppDelegate.swift in Sources */,
				24BF2B001BF87B2E00647871 /* OvalLayer.swift in Sources */,
			);
			runOnlyForDeploymentPostprocessing = 0;
		};
/* End PBXSourcesBuildPhase section */

/* Begin PBXVariantGroup section */
		24BF2AE91BF87A4C00647871 /* Main.storyboard */ = {
			isa = PBXVariantGroup;
			children = (
				24BF2AEA1BF87A4C00647871 /* Base */,
			);
			name = Main.storyboard;
			sourceTree = "<group>";
		};
		24BF2AEE1BF87A4C00647871 /* LaunchScreen.storyboard */ = {
			isa = PBXVariantGroup;
			children = (
				24BF2AEF1BF87A4C00647871 /* Base */,
			);
			name = LaunchScreen.storyboard;
			sourceTree = "<group>";
		};
/* End PBXVariantGroup section */

/* Begin XCBuildConfiguration section */
		24BF2AF21BF87A4C00647871 /* Debug */ = {
			isa = XCBuildConfiguration;
			buildSettings = {
				ALWAYS_SEARCH_USER_PATHS = NO;
				CLANG_CXX_LANGUAGE_STANDARD = "gnu++0x";
				CLANG_CXX_LIBRARY = "libc++";
				CLANG_ENABLE_MODULES = YES;
				CLANG_ENABLE_OBJC_ARC = YES;
				CLANG_WARN_BOOL_CONVERSION = YES;
				CLANG_WARN_CONSTANT_CONVERSION = YES;
				CLANG_WARN_DIRECT_OBJC_ISA_USAGE = YES_ERROR;
				CLANG_WARN_EMPTY_BODY = YES;
				CLANG_WARN_ENUM_CONVERSION = YES;
				CLANG_WARN_INT_CONVERSION = YES;
				CLANG_WARN_OBJC_ROOT_CLASS = YES_ERROR;
				CLANG_WARN_UNREACHABLE_CODE = YES;
				CLANG_WARN__DUPLICATE_METHOD_MATCH = YES;
				"CODE_SIGN_IDENTITY[sdk=iphoneos*]" = "iPhone Developer";
				COPY_PHASE_STRIP = NO;
				DEBUG_INFORMATION_FORMAT = dwarf;
				ENABLE_STRICT_OBJC_MSGSEND = YES;
				ENABLE_TESTABILITY = YES;
				GCC_C_LANGUAGE_STANDARD = gnu99;
				GCC_DYNAMIC_NO_PIC = NO;
				GCC_NO_COMMON_BLOCKS = YES;
				GCC_OPTIMIZATION_LEVEL = 0;
				GCC_PREPROCESSOR_DEFINITIONS = (
					"DEBUG=1",
					"$(inherited)",
				);
				GCC_WARN_64_TO_32_BIT_CONVERSION = YES;
				GCC_WARN_ABOUT_RETURN_TYPE = YES_ERROR;
				GCC_WARN_UNDECLARED_SELECTOR = YES;
				GCC_WARN_UNINITIALIZED_AUTOS = YES_AGGRESSIVE;
				GCC_WARN_UNUSED_FUNCTION = YES;
				GCC_WARN_UNUSED_VARIABLE = YES;
				IPHONEOS_DEPLOYMENT_TARGET = 9.1;
				MTL_ENABLE_DEBUG_INFO = YES;
				ONLY_ACTIVE_ARCH = YES;
				SDKROOT = iphoneos;
				SWIFT_OPTIMIZATION_LEVEL = "-Onone";
			};
			name = Debug;
		};
		24BF2AF31BF87A4C00647871 /* Release */ = {
			isa = XCBuildConfiguration;
			buildSettings = {
				ALWAYS_SEARCH_USER_PATHS = NO;
				CLANG_CXX_LANGUAGE_STANDARD = "gnu++0x";
				CLANG_CXX_LIBRARY = "libc++";
				CLANG_ENABLE_MODULES = YES;
				CLANG_ENABLE_OBJC_ARC = YES;
				CLANG_WARN_BOOL_CONVERSION = YES;
				CLANG_WARN_CONSTANT_CONVERSION = YES;
				CLANG_WARN_DIRECT_OBJC_ISA_USAGE = YES_ERROR;
				CLANG_WARN_EMPTY_BODY = YES;
				CLANG_WARN_ENUM_CONVERSION = YES;
				CLANG_WARN_INT_CONVERSION = YES;
				CLANG_WARN_OBJC_ROOT_CLASS = YES_ERROR;
				CLANG_WARN_UNREACHABLE_CODE = YES;
				CLANG_WARN__DUPLICATE_METHOD_MATCH = YES;
				"CODE_SIGN_IDENTITY[sdk=iphoneos*]" = "iPhone Developer";
				COPY_PHASE_STRIP = NO;
				DEBUG_INFORMATION_FORMAT = "dwarf-with-dsym";
				ENABLE_NS_ASSERTIONS = NO;
				ENABLE_STRICT_OBJC_MSGSEND = YES;
				GCC_C_LANGUAGE_STANDARD = gnu99;
				GCC_NO_COMMON_BLOCKS = YES;
				GCC_WARN_64_TO_32_BIT_CONVERSION = YES;
				GCC_WARN_ABOUT_RETURN_TYPE = YES_ERROR;
				GCC_WARN_UNDECLARED_SELECTOR = YES;
				GCC_WARN_UNINITIALIZED_AUTOS = YES_AGGRESSIVE;
				GCC_WARN_UNUSED_FUNCTION = YES;
				GCC_WARN_UNUSED_VARIABLE = YES;
				IPHONEOS_DEPLOYMENT_TARGET = 9.1;
				MTL_ENABLE_DEBUG_INFO = NO;
				SDKROOT = iphoneos;
				VALIDATE_PRODUCT = YES;
			};
			name = Release;
		};
		24BF2AF51BF87A4C00647871 /* Debug */ = {
			isa = XCBuildConfiguration;
			buildSettings = {
				ASSETCATALOG_COMPILER_APPICON_NAME = AppIcon;
				INFOPLIST_FILE = LoadingAnimation/Info.plist;
				LD_RUNPATH_SEARCH_PATHS = "$(inherited) @executable_path/Frameworks";
				PRODUCT_BUNDLE_IDENTIFIER = com.zcw.LoadingAnimation;
				PRODUCT_NAME = "$(TARGET_NAME)";
			};
			name = Debug;
		};
		24BF2AF61BF87A4C00647871 /* Release */ = {
			isa = XCBuildConfiguration;
			buildSettings = {
				ASSETCATALOG_COMPILER_APPICON_NAME = AppIcon;
				INFOPLIST_FILE = LoadingAnimation/Info.plist;
				LD_RUNPATH_SEARCH_PATHS = "$(inherited) @executable_path/Frameworks";
				PRODUCT_BUNDLE_IDENTIFIER = com.zcw.LoadingAnimation;
				PRODUCT_NAME = "$(TARGET_NAME)";
			};
			name = Release;
		};
/* End XCBuildConfiguration section */

/* Begin XCConfigurationList section */
		24BF2ADD1BF87A4C00647871 /* Build configuration list for PBXProject "LoadingAnimation" */ = {
			isa = XCConfigurationList;
			buildConfigurations = (
				24BF2AF21BF87A4C00647871 /* Debug */,
				24BF2AF31BF87A4C00647871 /* Release */,
			);
			defaultConfigurationIsVisible = 0;
			defaultConfigurationName = Release;
		};
		24BF2AF41BF87A4C00647871 /* Build configuration list for PBXNativeTarget "LoadingAnimation" */ = {
			isa = XCConfigurationList;
			buildConfigurations = (
				24BF2AF51BF87A4C00647871 /* Debug */,
				24BF2AF61BF87A4C00647871 /* Release */,
			);
			defaultConfigurationIsVisible = 0;
			defaultConfigurationName = Release;
		};
/* End XCConfigurationList section */
	};
	rootObject = 24BF2ADA1BF87A4C00647871 /* Project object */;
}
